
Microsoft Visual Studio Solution File, Format Version 12.00
# Visual Studio 15
VisualStudioVersion = 15.0.27004.2005
MinimumVisualStudioVersion = 10.0.40219.1
Project("{2150E333-8FDC-42A3-9474-1A3956D46DE8}") = "src", "src", "{062A430A-8581-4C5B-BCF8-D4821FF61F76}"
EndProject
Project("{2150E333-8FDC-42A3-9474-1A3956D46DE8}") = "tst", "tst", "{CD6A6172-7187-43FD-B059-A58D295374FE}"
EndProject
Project("{9A19103F-16F7-4668-BE54-9A1E7A4F7556}") = "Web", "src\Web\Web.csproj", "{C1D2F0BA-3A05-44D9-828F-9865D4A08DAF}"
EndProject
Project("{E53339B2-1760-4266-BCC7-CA923CBCF16C}") = "docker-compose", "docker-compose.dcproj", "{1B10E2C2-B0B5-4AED-856E-765A0595BB49}"
EndProject
Project("{2150E333-8FDC-42A3-9474-1A3956D46DE8}") = "Solution Items", "Solution Items", "{A8632DDE-09BA-4A53-A287-B0332E7BDE7F}"
	ProjectSection(SolutionItems) = preProject
		deploy-kubernetes.yml = deploy-kubernetes.yml
	EndProjectSection
EndProject
Global
	GlobalSection(SolutionConfigurationPlatforms) = preSolution
		Debug|Any CPU = Debug|Any CPU
		Release|Any CPU = Release|Any CPU
	EndGlobalSection
	GlobalSection(ProjectConfigurationPlatforms) = postSolution
		{C1D2F0BA-3A05-44D9-828F-9865D4A08DAF}.Debug|Any CPU.ActiveCfg = Debug|Any CPU
		{C1D2F0BA-3A05-44D9-828F-9865D4A08DAF}.Debug|Any CPU.Build.0 = Debug|Any CPU
		{C1D2F0BA-3A05-44D9-828F-9865D4A08DAF}.Release|Any CPU.ActiveCfg = Release|Any CPU
		{C1D2F0BA-3A05-44D9-828F-9865D4A08DAF}.Release|Any CPU.Build.0 = Release|Any CPU
		{1B10E2C2-B0B5-4AED-856E-765A0595BB49}.Debug|Any CPU.ActiveCfg = Debug|Any CPU
		{1B10E2C2-B0B5-4AED-856E-765A0595BB49}.Debug|Any CPU.Build.0 = Debug|Any CPU
		{1B10E2C2-B0B5-4AED-856E-765A0595BB49}.Release|Any CPU.ActiveCfg = Release|Any CPU
		{1B10E2C2-B0B5-4AED-856E-765A0595BB49}.Release|Any CPU.Build.0 = Release|Any CPU
	EndGlobalSection
	GlobalSection(SolutionProperties) = preSolution
		HideSolutionNode = FALSE
	EndGlobalSection
	GlobalSection(NestedProjects) = preSolution
		{C1D2F0BA-3A05-44D9-828F-9865D4A08DAF} = {062A430A-8581-4C5B-BCF8-D4821FF61F76}
	EndGlobalSection
	GlobalSection(ExtensibilityGlobals) = postSolution
		SolutionGuid = {B761EC5B-6C6E-4335-A959-1A531B345929}
	EndGlobalSection
EndGlobal
